
Microsoft Visual Studio Solution File, Format Version 12.00
# Visual Studio Version 17
VisualStudioVersion = 17.14.35806.103 d17.14
MinimumVisualStudioVersion = 10.0.40219.1
Project("{FAE04EC0-301F-11D3-BF4B-00C04F79EFBC}") = "CondotelManagement", "CondotelManagement\CondotelManagement.csproj", "{0653BC94-D465-4C11-946E-2442A1F59B37}"
EndProject
Global
	GlobalSection(SolutionConfigurationPlatforms) = preSolution
		Debug|Any CPU = Debug|Any CPU
		Release|Any CPU = Release|Any CPU
	EndGlobalSection
	GlobalSection(ProjectConfigurationPlatforms) = postSolution
		{0653BC94-D465-4C11-946E-2442A1F59B37}.Debug|Any CPU.ActiveCfg = Debug|Any CPU
		{0653BC94-D465-4C11-946E-2442A1F59B37}.Debug|Any CPU.Build.0 = Debug|Any CPU
		{0653BC94-D465-4C11-946E-2442A1F59B37}.Release|Any CPU.ActiveCfg = Release|Any CPU
		{0653BC94-D465-4C11-946E-2442A1F59B37}.Release|Any CPU.Build.0 = Release|Any CPU
	EndGlobalSection
	GlobalSection(SolutionProperties) = preSolution
		HideSolutionNode = FALSE
	EndGlobalSection
	GlobalSection(ExtensibilityGlobals) = postSolution
		SolutionGuid = {02E5B5FC-7214-4B26-AAD9-4EA0CA76393B}
	EndGlobalSection
EndGlobal
